
Microsoft Visual Studio Solution File, Format Version 12.00
# Visual Studio 2012
Project("{8BC9CEB8-8B4A-11D0-8D11-00A0C91BC942}") = "SeqReadSize", "SeqReadSize\SeqReadSize.vcxproj", "{E4D2E060-A537-4032-AC35-24A82BD73422}"
EndProject
Global
	GlobalSection(SolutionConfigurationPlatforms) = preSolution
		Debug|Win32 = Debug|Win32
		Release|Win32 = Release|Win32
	EndGlobalSection
	GlobalSection(ProjectConfigurationPlatforms) = postSolution
		{E4D2E060-A537-4032-AC35-24A82BD73422}.Debug|Win32.ActiveCfg = Debug|Win32
		{E4D2E060-A537-4032-AC35-24A82BD73422}.Debug|Win32.Build.0 = Debug|Win32
		{E4D2E060-A537-4032-AC35-24A82BD73422}.Release|Win32.ActiveCfg = Release|Win32
		{E4D2E060-A537-4032-AC35-24A82BD73422}.Release|Win32.Build.0 = Release|Win32
	EndGlobalSection
	GlobalSection(SolutionProperties) = preSolution
		HideSolutionNode = FALSE
	EndGlobalSection
EndGlobal
